// !$*UTF8*$!
{
	archiveVersion = 1;
	classes = {
	};
	objectVersion = 55;
	objects = {

/* Begin PBXBuildFile section */
		4F0DF06229CEFC110034D4CF /* AddPercentButton.swift in Sources */ = {isa = PBXBuildFile; fileRef = 4F0DF06129CEFC110034D4CF /* AddPercentButton.swift */; };
		4F0DF06429CF40760034D4CF /* TipTaxParametersView.swift in Sources */ = {isa = PBXBuildFile; fileRef = 4F0DF06329CF40760034D4CF /* TipTaxParametersView.swift */; };
		4F1752FC2819EF2B0032D3FE /* TricountExportSheet.swift in Sources */ = {isa = PBXBuildFile; fileRef = 4F1752FB2819EF2B0032D3FE /* TricountExportSheet.swift */; };
		4F2BCDB32798D2B200E6501E /* ScanTutorialView.swift in Sources */ = {isa = PBXBuildFile; fileRef = 4F2BCDB22798D2B200E6501E /* ScanTutorialView.swift */; };
		4F309E232784B49900F55BC6 /* SplitApp.swift in Sources */ = {isa = PBXBuildFile; fileRef = 4F309E222784B49900F55BC6 /* SplitApp.swift */; };
		4F309E272784B49A00F55BC6 /* Assets.xcassets in Resources */ = {isa = PBXBuildFile; fileRef = 4F309E262784B49A00F55BC6 /* Assets.xcassets */; };
		4F309E2A2784B49A00F55BC6 /* Preview Assets.xcassets in Resources */ = {isa = PBXBuildFile; fileRef = 4F309E292784B49A00F55BC6 /* Preview Assets.xcassets */; };
		4F309E532784B55900F55BC6 /* ContentView.swift in Sources */ = {isa = PBXBuildFile; fileRef = 4F309E4F2784B55900F55BC6 /* ContentView.swift */; };
		4F309E592784F68200F55BC6 /* AttributionView.swift in Sources */ = {isa = PBXBuildFile; fileRef = 4F309E542784F68200F55BC6 /* AttributionView.swift */; };
		4F309E5A2784F68200F55BC6 /* Text.swift in Sources */ = {isa = PBXBuildFile; fileRef = 4F309E552784F68200F55BC6 /* Text.swift */; };
		4F309E5B2784F68200F55BC6 /* ScannerView.swift in Sources */ = {isa = PBXBuildFile; fileRef = 4F309E562784F68200F55BC6 /* ScannerView.swift */; };
		4F309E5D2784F68200F55BC6 /* TextRecognition.swift in Sources */ = {isa = PBXBuildFile; fileRef = 4F309E582784F68200F55BC6 /* TextRecognition.swift */; };
		4F309E612784F89900F55BC6 /* Users.swift in Sources */ = {isa = PBXBuildFile; fileRef = 4F309E602784F89900F55BC6 /* Users.swift */; };
		4F309E652784F9E700F55BC6 /* StartView.swift in Sources */ = {isa = PBXBuildFile; fileRef = 4F309E642784F9E700F55BC6 /* StartView.swift */; };
		4F309E672785AB5500F55BC6 /* ModelData.swift in Sources */ = {isa = PBXBuildFile; fileRef = 4F309E662785AB5400F55BC6 /* ModelData.swift */; };
		4F309E6A2785EB7600F55BC6 /* CurrentExpensesRow.swift in Sources */ = {isa = PBXBuildFile; fileRef = 4F309E692785EB7600F55BC6 /* CurrentExpensesRow.swift */; };
		4F309E6C2785F80600F55BC6 /* AttributionCard.swift in Sources */ = {isa = PBXBuildFile; fileRef = 4F309E6B2785F80600F55BC6 /* AttributionCard.swift */; };
		4F309E732786DA4700F55BC6 /* SelectableItems.swift in Sources */ = {isa = PBXBuildFile; fileRef = 4F309E722786DA4700F55BC6 /* SelectableItems.swift */; };
		4F3161F729C715F100E3C323 /* ShowLibraryView.swift in Sources */ = {isa = PBXBuildFile; fileRef = 4F3161F629C715F100E3C323 /* ShowLibraryView.swift */; };
		4F3161FB29C7214000E3C323 /* TextRecognitionFunctions.swift in Sources */ = {isa = PBXBuildFile; fileRef = 4F3161FA29C7214000E3C323 /* TextRecognitionFunctions.swift */; };
		4F3161FD29C758E400E3C323 /* ImagePicker.swift in Sources */ = {isa = PBXBuildFile; fileRef = 4F3161FC29C758E400E3C323 /* ImagePicker.swift */; };
		4F31620029C777D100E3C323 /* LibraryTutorialView.swift in Sources */ = {isa = PBXBuildFile; fileRef = 4F3161FF29C777D100E3C323 /* LibraryTutorialView.swift */; };
		4F37A89A27883C2B00947426 /* ListSheetView.swift in Sources */ = {isa = PBXBuildFile; fileRef = 4F37A89927883C2A00947426 /* ListSheetView.swift */; };
		4F38B06D27CF949E004CD810 /* HistoryStatView.swift in Sources */ = {isa = PBXBuildFile; fileRef = 4F38B06C27CF949E004CD810 /* HistoryStatView.swift */; };
		4F42BA1027D4EF2800535706 /* TextRecognitionAdvanced.swift in Sources */ = {isa = PBXBuildFile; fileRef = 4F42BA0F27D4EF2800535706 /* TextRecognitionAdvanced.swift */; };
		4F42BA1427D51B4C00535706 /* NoMatchFound.swift in Sources */ = {isa = PBXBuildFile; fileRef = 4F42BA1327D51B4C00535706 /* NoMatchFound.swift */; };
		4F42BA1627D51B5A00535706 /* NoItemFound.swift in Sources */ = {isa = PBXBuildFile; fileRef = 4F42BA1527D51B5A00535706 /* NoItemFound.swift */; };
		4F43BDFD2789A9CD005CDD6D /* LoadItemsView.swift in Sources */ = {isa = PBXBuildFile; fileRef = 4F43BDFC2789A9CD005CDD6D /* LoadItemsView.swift */; };
		4F43BDFF2789B0AD005CDD6D /* ResultView.swift in Sources */ = {isa = PBXBuildFile; fileRef = 4F43BDFE2789B0AD005CDD6D /* ResultView.swift */; };
		4F4902A827CA99AF0047A441 /* HistoryView.swift in Sources */ = {isa = PBXBuildFile; fileRef = 4F4902A727CA99AF0047A441 /* HistoryView.swift */; };
		4F4902AC27CAC12F0047A441 /* ResultsStore.swift in Sources */ = {isa = PBXBuildFile; fileRef = 4F4902AB27CAC12F0047A441 /* ResultsStore.swift */; };
		4F4902AE27CAC9D10047A441 /* ResultViewHistoryWrapper.swift in Sources */ = {isa = PBXBuildFile; fileRef = 4F4902AD27CAC9D10047A441 /* ResultViewHistoryWrapper.swift */; };
		4F4902B127CADA6E0047A441 /* ResultCard.swift in Sources */ = {isa = PBXBuildFile; fileRef = 4F4902B027CADA6E0047A441 /* ResultCard.swift */; };
		4F4902B327CB8E100047A441 /* NoHistoryView.swift in Sources */ = {isa = PBXBuildFile; fileRef = 4F4902B227CB8E100047A441 /* NoHistoryView.swift */; };
		4F4944252899B7A500FBC482 /* InfoBlock.swift in Sources */ = {isa = PBXBuildFile; fileRef = 4F4944242899B7A500FBC482 /* InfoBlock.swift */; };
		4F4944272899D41100FBC482 /* Extensions.swift in Sources */ = {isa = PBXBuildFile; fileRef = 4F4944262899D41100FBC482 /* Extensions.swift */; };
		4F4A55B327A1B906001F84E3 /* PreferencesStore.swift in Sources */ = {isa = PBXBuildFile; fileRef = 4F4A55B227A1B906001F84E3 /* PreferencesStore.swift */; };
		4F63DF0727A421B000E2CA3A /* InputItemDetails.swift in Sources */ = {isa = PBXBuildFile; fileRef = 4F63DF0627A421B000E2CA3A /* InputItemDetails.swift */; };
		4F7C128C279B530A00A5E50B /* ListTutorialView.swift in Sources */ = {isa = PBXBuildFile; fileRef = 4F7C128B279B530A00A5E50B /* ListTutorialView.swift */; };
		4F7C128E279C047E00A5E50B /* Visualization.swift in Sources */ = {isa = PBXBuildFile; fileRef = 4F7C128D279C047E00A5E50B /* Visualization.swift */; };
		4F7CA06228BF8B0700050B47 /* ShowroomPreviews.swift in Sources */ = {isa = PBXBuildFile; fileRef = 4F7CA06128BF8B0700050B47 /* ShowroomPreviews.swift */; };
		4F80BED527C794C900CA73B3 /* SettingsView.swift in Sources */ = {isa = PBXBuildFile; fileRef = 4F80BED427C794C900CA73B3 /* SettingsView.swift */; };
		4F80BED727C7B7A400CA73B3 /* ParametersStore.swift in Sources */ = {isa = PBXBuildFile; fileRef = 4F80BED627C7B7A400CA73B3 /* ParametersStore.swift */; };
		4F83AA7E285BD6C800F45FC6 /* AttributionTutorialView.swift in Sources */ = {isa = PBXBuildFile; fileRef = 4F83AA7D285BD6C800F45FC6 /* AttributionTutorialView.swift */; };
		4F83AA80285CD57C00F45FC6 /* DivideItemView.swift in Sources */ = {isa = PBXBuildFile; fileRef = 4F83AA7F285CD57C00F45FC6 /* DivideItemView.swift */; };
		4F898D0C279CC1F40067336F /* VisionParameters.swift in Sources */ = {isa = PBXBuildFile; fileRef = 4F898D0B279CC1F40067336F /* VisionParameters.swift */; };
		4F8EBD8927AAF75300CBD6AD /* StatView.swift in Sources */ = {isa = PBXBuildFile; fileRef = 4F8EBD8827AAF75300CBD6AD /* StatView.swift */; };
		4F90A7AC27A713F9003A1D97 /* UserChoicesView.swift in Sources */ = {isa = PBXBuildFile; fileRef = 4F90A7AB27A713F9003A1D97 /* UserChoicesView.swift */; };
		4F91350529EAA12F00699C73 /* TipsView.swift in Sources */ = {isa = PBXBuildFile; fileRef = 4F91350429EAA12F00699C73 /* TipsView.swift */; };
		4F91350729EAA71300699C73 /* PurchaseManager.swift in Sources */ = {isa = PBXBuildFile; fileRef = 4F91350629EAA71300699C73 /* PurchaseManager.swift */; };
		4F91350A29EADE4900699C73 /* ConfettiSwiftUI in Frameworks */ = {isa = PBXBuildFile; productRef = 4F91350929EADE4900699C73 /* ConfettiSwiftUI */; };
		4F91350C29EADE5C00699C73 /* DonationSheet.swift in Sources */ = {isa = PBXBuildFile; fileRef = 4F91350B29EADE5C00699C73 /* DonationSheet.swift */; };
		4F94B8FF27A7326400F7B10F /* MiniRepartitionRow.swift in Sources */ = {isa = PBXBuildFile; fileRef = 4F94B8FE27A7326400F7B10F /* MiniRepartitionRow.swift */; };
		4F94B90127A7476F00F7B10F /* StatisticRectangle.swift in Sources */ = {isa = PBXBuildFile; fileRef = 4F94B90027A7476F00F7B10F /* StatisticRectangle.swift */; };
		4FA5B91328BD20FB000B9AFF /* RestrictedBrowserView.swift in Sources */ = {isa = PBXBuildFile; fileRef = 4FA5B91228BD20FB000B9AFF /* RestrictedBrowserView.swift */; };
		4FAACF5029E8006F00678CBA /* StartCustomButtons.swift in Sources */ = {isa = PBXBuildFile; fileRef = 4FAACF4F29E8006F00678CBA /* StartCustomButtons.swift */; };
		4FAACF5F29E85C4C00678CBA /* UpdateSheet.swift in Sources */ = {isa = PBXBuildFile; fileRef = 4FAACF5E29E85C4C00678CBA /* UpdateSheet.swift */; };
		4FB7813C2794821D00F5E2D8 /* Currency.swift in Sources */ = {isa = PBXBuildFile; fileRef = 4FB7813B2794821D00F5E2D8 /* Currency.swift */; };
		4FD7C2D927E86EE6009C4D9D /* FillFavoriteButton.swift in Sources */ = {isa = PBXBuildFile; fileRef = 4FD7C2D827E86EE6009C4D9D /* FillFavoriteButton.swift */; };
		4FD7C2DB27E86EF2009C4D9D /* EditFavoriteButton.swift in Sources */ = {isa = PBXBuildFile; fileRef = 4FD7C2DA27E86EF2009C4D9D /* EditFavoriteButton.swift */; };
		4FD7C2DD27E872BE009C4D9D /* FormDetailsView.swift in Sources */ = {isa = PBXBuildFile; fileRef = 4FD7C2DC27E872BE009C4D9D /* FormDetailsView.swift */; };
		4FDA115129CA3E8900F16788 /* InputPercentDetails.swift in Sources */ = {isa = PBXBuildFile; fileRef = 4FDA115029CA3E8900F16788 /* InputPercentDetails.swift */; };
		4FDC144427DBA81600FE7C2E /* AutomatedRecognitionLabel.swift in Sources */ = {isa = PBXBuildFile; fileRef = 4FDC144327DBA81600FE7C2E /* AutomatedRecognitionLabel.swift */; };
		4FDE9B2D28BCF556008A622E /* TricountTests.swift in Sources */ = {isa = PBXBuildFile; fileRef = 4FDE9B2C28BCF556008A622E /* TricountTests.swift */; };
		4FE6F25228D4AB7700C8D2AA /* TricountDisclaimerSheet.swift in Sources */ = {isa = PBXBuildFile; fileRef = 4FE6F25128D4AB7700C8D2AA /* TricountDisclaimerSheet.swift */; };
		4FE6F25528D4C02800C8D2AA /* SlideOverCard in Frameworks */ = {isa = PBXBuildFile; productRef = 4FE6F25428D4C02800C8D2AA /* SlideOverCard */; };
		4FF04F50278B0DF700650EBC /* LastItemView.swift in Sources */ = {isa = PBXBuildFile; fileRef = 4FF04F4F278B0DF700650EBC /* LastItemView.swift */; };
		4FF60AFB27DA961A00AD58DB /* AdvancedParametersView.swift in Sources */ = {isa = PBXBuildFile; fileRef = 4FF60AFA27DA961A00AD58DB /* AdvancedParametersView.swift */; };
		4FF675D72799E60800B7F385 /* ShowScannerView.swift in Sources */ = {isa = PBXBuildFile; fileRef = 4FF675D62799E60800B7F385 /* ShowScannerView.swift */; };
		4FF675DC279A1E9400B7F385 /* FirstListView.swift in Sources */ = {isa = PBXBuildFile; fileRef = 4FF675DB279A1E9400B7F385 /* FirstListView.swift */; };
		4FF7F9252893162800468609 /* TricountAddSheet.swift in Sources */ = {isa = PBXBuildFile; fileRef = 4FF7F9242893162800468609 /* TricountAddSheet.swift */; };
		4FF7F9272893172100468609 /* Tricount.swift in Sources */ = {isa = PBXBuildFile; fileRef = 4FF7F9262893172100468609 /* Tricount.swift */; };
/* End PBXBuildFile section */

/* Begin PBXContainerItemProxy section */
		4F309E302784B49A00F55BC6 /* PBXContainerItemProxy */ = {
			isa = PBXContainerItemProxy;
			containerPortal = 4F309E172784B49900F55BC6 /* Project object */;
			proxyType = 1;
			remoteGlobalIDString = 4F309E1E2784B49900F55BC6;
			remoteInfo = ReceiptSplitter;
		};
		4F309E3A2784B49A00F55BC6 /* PBXContainerItemProxy */ = {
			isa = PBXContainerItemProxy;
			containerPortal = 4F309E172784B49900F55BC6 /* Project object */;
			proxyType = 1;
			remoteGlobalIDString = 4F309E1E2784B49900F55BC6;
			remoteInfo = ReceiptSplitter;
		};
		4FDE9B2E28BCF556008A622E /* PBXContainerItemProxy */ = {
			isa = PBXContainerItemProxy;
			containerPortal = 4F309E172784B49900F55BC6 /* Project object */;
			proxyType = 1;
			remoteGlobalIDString = 4F309E1E2784B49900F55BC6;
			remoteInfo = Split;
		};
/* End PBXContainerItemProxy section */

/* Begin PBXFileReference section */
		4F0DF06129CEFC110034D4CF /* AddPercentButton.swift */ = {isa = PBXFileReference; lastKnownFileType = sourcecode.swift; path = AddPercentButton.swift; sourceTree = "<group>"; };
		4F0DF06329CF40760034D4CF /* TipTaxParametersView.swift */ = {isa = PBXFileReference; lastKnownFileType = sourcecode.swift; path = TipTaxParametersView.swift; sourceTree = "<group>"; };
		4F1752FB2819EF2B0032D3FE /* TricountExportSheet.swift */ = {isa = PBXFileReference; lastKnownFileType = sourcecode.swift; path = TricountExportSheet.swift; sourceTree = "<group>"; };
		4F2BCDB22798D2B200E6501E /* ScanTutorialView.swift */ = {isa = PBXFileReference; lastKnownFileType = sourcecode.swift; path = ScanTutorialView.swift; sourceTree = "<group>"; };
		4F309E1F2784B49900F55BC6 /* Split!.app */ = {isa = PBXFileReference; explicitFileType = wrapper.application; includeInIndex = 0; path = "Split!.app"; sourceTree = BUILT_PRODUCTS_DIR; };
		4F309E222784B49900F55BC6 /* SplitApp.swift */ = {isa = PBXFileReference; lastKnownFileType = sourcecode.swift; path = SplitApp.swift; sourceTree = "<group>"; };
		4F309E262784B49A00F55BC6 /* Assets.xcassets */ = {isa = PBXFileReference; lastKnownFileType = folder.assetcatalog; path = Assets.xcassets; sourceTree = "<group>"; };
		4F309E292784B49A00F55BC6 /* Preview Assets.xcassets */ = {isa = PBXFileReference; lastKnownFileType = folder.assetcatalog; path = "Preview Assets.xcassets"; sourceTree = "<group>"; };
		4F309E2F2784B49A00F55BC6 /* SplitTests.xctest */ = {isa = PBXFileReference; explicitFileType = wrapper.cfbundle; includeInIndex = 0; path = SplitTests.xctest; sourceTree = BUILT_PRODUCTS_DIR; };
		4F309E392784B49A00F55BC6 /* SplitUITests.xctest */ = {isa = PBXFileReference; explicitFileType = wrapper.cfbundle; includeInIndex = 0; path = SplitUITests.xctest; sourceTree = BUILT_PRODUCTS_DIR; };
		4F309E4F2784B55900F55BC6 /* ContentView.swift */ = {isa = PBXFileReference; fileEncoding = 4; lastKnownFileType = sourcecode.swift; path = ContentView.swift; sourceTree = "<group>"; };
		4F309E542784F68200F55BC6 /* AttributionView.swift */ = {isa = PBXFileReference; fileEncoding = 4; lastKnownFileType = sourcecode.swift; path = AttributionView.swift; sourceTree = "<group>"; };
		4F309E552784F68200F55BC6 /* Text.swift */ = {isa = PBXFileReference; fileEncoding = 4; lastKnownFileType = sourcecode.swift; path = Text.swift; sourceTree = "<group>"; };
		4F309E562784F68200F55BC6 /* ScannerView.swift */ = {isa = PBXFileReference; fileEncoding = 4; lastKnownFileType = sourcecode.swift; path = ScannerView.swift; sourceTree = "<group>"; };
		4F309E582784F68200F55BC6 /* TextRecognition.swift */ = {isa = PBXFileReference; fileEncoding = 4; lastKnownFileType = sourcecode.swift; path = TextRecognition.swift; sourceTree = "<group>"; };
		4F309E602784F89900F55BC6 /* Users.swift */ = {isa = PBXFileReference; lastKnownFileType = sourcecode.swift; path = Users.swift; sourceTree = "<group>"; };
		4F309E642784F9E700F55BC6 /* StartView.swift */ = {isa = PBXFileReference; lastKnownFileType = sourcecode.swift; path = StartView.swift; sourceTree = "<group>"; };
		4F309E662785AB5400F55BC6 /* ModelData.swift */ = {isa = PBXFileReference; lastKnownFileType = sourcecode.swift; path = ModelData.swift; sourceTree = "<group>"; };
		4F309E692785EB7600F55BC6 /* CurrentExpensesRow.swift */ = {isa = PBXFileReference; lastKnownFileType = sourcecode.swift; path = CurrentExpensesRow.swift; sourceTree = "<group>"; };
		4F309E6B2785F80600F55BC6 /* AttributionCard.swift */ = {isa = PBXFileReference; lastKnownFileType = sourcecode.swift; path = AttributionCard.swift; sourceTree = "<group>"; };
		4F309E722786DA4700F55BC6 /* SelectableItems.swift */ = {isa = PBXFileReference; lastKnownFileType = sourcecode.swift; path = SelectableItems.swift; sourceTree = "<group>"; };
		4F3161F629C715F100E3C323 /* ShowLibraryView.swift */ = {isa = PBXFileReference; lastKnownFileType = sourcecode.swift; path = ShowLibraryView.swift; sourceTree = "<group>"; };
		4F3161FA29C7214000E3C323 /* TextRecognitionFunctions.swift */ = {isa = PBXFileReference; lastKnownFileType = sourcecode.swift; path = TextRecognitionFunctions.swift; sourceTree = "<group>"; };
		4F3161FC29C758E400E3C323 /* ImagePicker.swift */ = {isa = PBXFileReference; lastKnownFileType = sourcecode.swift; path = ImagePicker.swift; sourceTree = "<group>"; };
		4F3161FF29C777D100E3C323 /* LibraryTutorialView.swift */ = {isa = PBXFileReference; lastKnownFileType = sourcecode.swift; path = LibraryTutorialView.swift; sourceTree = "<group>"; };
		4F37A89927883C2A00947426 /* ListSheetView.swift */ = {isa = PBXFileReference; lastKnownFileType = sourcecode.swift; path = ListSheetView.swift; sourceTree = "<group>"; };
		4F38B06C27CF949E004CD810 /* HistoryStatView.swift */ = {isa = PBXFileReference; lastKnownFileType = sourcecode.swift; path = HistoryStatView.swift; sourceTree = "<group>"; };
		4F42BA0F27D4EF2800535706 /* TextRecognitionAdvanced.swift */ = {isa = PBXFileReference; lastKnownFileType = sourcecode.swift; path = TextRecognitionAdvanced.swift; sourceTree = "<group>"; };
		4F42BA1327D51B4C00535706 /* NoMatchFound.swift */ = {isa = PBXFileReference; lastKnownFileType = sourcecode.swift; path = NoMatchFound.swift; sourceTree = "<group>"; };
		4F42BA1527D51B5A00535706 /* NoItemFound.swift */ = {isa = PBXFileReference; lastKnownFileType = sourcecode.swift; path = NoItemFound.swift; sourceTree = "<group>"; };
		4F43BDFC2789A9CD005CDD6D /* LoadItemsView.swift */ = {isa = PBXFileReference; lastKnownFileType = sourcecode.swift; path = LoadItemsView.swift; sourceTree = "<group>"; };
		4F43BDFE2789B0AD005CDD6D /* ResultView.swift */ = {isa = PBXFileReference; lastKnownFileType = sourcecode.swift; path = ResultView.swift; sourceTree = "<group>"; };
		4F4902A727CA99AF0047A441 /* HistoryView.swift */ = {isa = PBXFileReference; lastKnownFileType = sourcecode.swift; path = HistoryView.swift; sourceTree = "<group>"; };
		4F4902AB27CAC12F0047A441 /* ResultsStore.swift */ = {isa = PBXFileReference; lastKnownFileType = sourcecode.swift; path = ResultsStore.swift; sourceTree = "<group>"; };
		4F4902AD27CAC9D10047A441 /* ResultViewHistoryWrapper.swift */ = {isa = PBXFileReference; lastKnownFileType = sourcecode.swift; path = ResultViewHistoryWrapper.swift; sourceTree = "<group>"; };
		4F4902B027CADA6E0047A441 /* ResultCard.swift */ = {isa = PBXFileReference; lastKnownFileType = sourcecode.swift; path = ResultCard.swift; sourceTree = "<group>"; };
		4F4902B227CB8E100047A441 /* NoHistoryView.swift */ = {isa = PBXFileReference; lastKnownFileType = sourcecode.swift; path = NoHistoryView.swift; sourceTree = "<group>"; };
		4F4944242899B7A500FBC482 /* InfoBlock.swift */ = {isa = PBXFileReference; lastKnownFileType = sourcecode.swift; path = InfoBlock.swift; sourceTree = "<group>"; };
		4F4944262899D41100FBC482 /* Extensions.swift */ = {isa = PBXFileReference; lastKnownFileType = sourcecode.swift; path = Extensions.swift; sourceTree = "<group>"; };
		4F4A55B227A1B906001F84E3 /* PreferencesStore.swift */ = {isa = PBXFileReference; lastKnownFileType = sourcecode.swift; path = PreferencesStore.swift; sourceTree = "<group>"; };
		4F5CB9B22897C693004AA946 /* Info.plist */ = {isa = PBXFileReference; lastKnownFileType = text.plist; path = Info.plist; sourceTree = "<group>"; };
		4F63DF0627A421B000E2CA3A /* InputItemDetails.swift */ = {isa = PBXFileReference; lastKnownFileType = sourcecode.swift; path = InputItemDetails.swift; sourceTree = "<group>"; };
		4F7C128B279B530A00A5E50B /* ListTutorialView.swift */ = {isa = PBXFileReference; lastKnownFileType = sourcecode.swift; path = ListTutorialView.swift; sourceTree = "<group>"; };
		4F7C128D279C047E00A5E50B /* Visualization.swift */ = {isa = PBXFileReference; lastKnownFileType = sourcecode.swift; path = Visualization.swift; sourceTree = "<group>"; };
		4F7CA06128BF8B0700050B47 /* ShowroomPreviews.swift */ = {isa = PBXFileReference; lastKnownFileType = sourcecode.swift; path = ShowroomPreviews.swift; sourceTree = "<group>"; };
		4F80BED427C794C900CA73B3 /* SettingsView.swift */ = {isa = PBXFileReference; lastKnownFileType = sourcecode.swift; path = SettingsView.swift; sourceTree = "<group>"; };
		4F80BED627C7B7A400CA73B3 /* ParametersStore.swift */ = {isa = PBXFileReference; lastKnownFileType = sourcecode.swift; path = ParametersStore.swift; sourceTree = "<group>"; };
		4F83AA7D285BD6C800F45FC6 /* AttributionTutorialView.swift */ = {isa = PBXFileReference; fileEncoding = 4; lastKnownFileType = sourcecode.swift; path = AttributionTutorialView.swift; sourceTree = "<group>"; };
		4F83AA7F285CD57C00F45FC6 /* DivideItemView.swift */ = {isa = PBXFileReference; lastKnownFileType = sourcecode.swift; path = DivideItemView.swift; sourceTree = "<group>"; };
		4F898D0B279CC1F40067336F /* VisionParameters.swift */ = {isa = PBXFileReference; lastKnownFileType = sourcecode.swift; path = VisionParameters.swift; sourceTree = "<group>"; };
		4F8EBD8827AAF75300CBD6AD /* StatView.swift */ = {isa = PBXFileReference; lastKnownFileType = sourcecode.swift; path = StatView.swift; sourceTree = "<group>"; };
		4F90A7AB27A713F9003A1D97 /* UserChoicesView.swift */ = {isa = PBXFileReference; lastKnownFileType = sourcecode.swift; path = UserChoicesView.swift; sourceTree = "<group>"; };
		4F91350429EAA12F00699C73 /* TipsView.swift */ = {isa = PBXFileReference; lastKnownFileType = sourcecode.swift; path = TipsView.swift; sourceTree = "<group>"; };
		4F91350629EAA71300699C73 /* PurchaseManager.swift */ = {isa = PBXFileReference; lastKnownFileType = sourcecode.swift; path = PurchaseManager.swift; sourceTree = "<group>"; };
		4F91350B29EADE5C00699C73 /* DonationSheet.swift */ = {isa = PBXFileReference; lastKnownFileType = sourcecode.swift; path = DonationSheet.swift; sourceTree = "<group>"; };
		4F94B8FE27A7326400F7B10F /* MiniRepartitionRow.swift */ = {isa = PBXFileReference; lastKnownFileType = sourcecode.swift; path = MiniRepartitionRow.swift; sourceTree = "<group>"; };
		4F94B90027A7476F00F7B10F /* StatisticRectangle.swift */ = {isa = PBXFileReference; lastKnownFileType = sourcecode.swift; path = StatisticRectangle.swift; sourceTree = "<group>"; };
		4FA5B91228BD20FB000B9AFF /* RestrictedBrowserView.swift */ = {isa = PBXFileReference; lastKnownFileType = sourcecode.swift; path = RestrictedBrowserView.swift; sourceTree = "<group>"; };
		4FAACF4F29E8006F00678CBA /* StartCustomButtons.swift */ = {isa = PBXFileReference; lastKnownFileType = sourcecode.swift; path = StartCustomButtons.swift; sourceTree = "<group>"; };
		4FAACF5E29E85C4C00678CBA /* UpdateSheet.swift */ = {isa = PBXFileReference; lastKnownFileType = sourcecode.swift; path = UpdateSheet.swift; sourceTree = "<group>"; };
		4FB7813B2794821D00F5E2D8 /* Currency.swift */ = {isa = PBXFileReference; lastKnownFileType = sourcecode.swift; path = Currency.swift; sourceTree = "<group>"; };
		4FD5202C29EF18620058DAC6 /* Tips.storekit */ = {isa = PBXFileReference; lastKnownFileType = text; path = Tips.storekit; sourceTree = "<group>"; };
		4FD7C2D827E86EE6009C4D9D /* FillFavoriteButton.swift */ = {isa = PBXFileReference; lastKnownFileType = sourcecode.swift; path = FillFavoriteButton.swift; sourceTree = "<group>"; };
		4FD7C2DA27E86EF2009C4D9D /* EditFavoriteButton.swift */ = {isa = PBXFileReference; lastKnownFileType = sourcecode.swift; path = EditFavoriteButton.swift; sourceTree = "<group>"; };
		4FD7C2DC27E872BE009C4D9D /* FormDetailsView.swift */ = {isa = PBXFileReference; lastKnownFileType = sourcecode.swift; path = FormDetailsView.swift; sourceTree = "<group>"; };
		4FDA115029CA3E8900F16788 /* InputPercentDetails.swift */ = {isa = PBXFileReference; lastKnownFileType = sourcecode.swift; path = InputPercentDetails.swift; sourceTree = "<group>"; };
		4FDC144327DBA81600FE7C2E /* AutomatedRecognitionLabel.swift */ = {isa = PBXFileReference; lastKnownFileType = sourcecode.swift; path = AutomatedRecognitionLabel.swift; sourceTree = "<group>"; };
		4FDE9B2A28BCF556008A622E /* TricountTests.xctest */ = {isa = PBXFileReference; explicitFileType = wrapper.cfbundle; includeInIndex = 0; path = TricountTests.xctest; sourceTree = BUILT_PRODUCTS_DIR; };
		4FDE9B2C28BCF556008A622E /* TricountTests.swift */ = {isa = PBXFileReference; lastKnownFileType = sourcecode.swift; path = TricountTests.swift; sourceTree = "<group>"; };
		4FE6F25128D4AB7700C8D2AA /* TricountDisclaimerSheet.swift */ = {isa = PBXFileReference; lastKnownFileType = sourcecode.swift; path = TricountDisclaimerSheet.swift; sourceTree = "<group>"; };
		4FF04F4F278B0DF700650EBC /* LastItemView.swift */ = {isa = PBXFileReference; lastKnownFileType = sourcecode.swift; path = LastItemView.swift; sourceTree = "<group>"; };
		4FF60AFA27DA961A00AD58DB /* AdvancedParametersView.swift */ = {isa = PBXFileReference; lastKnownFileType = sourcecode.swift; path = AdvancedParametersView.swift; sourceTree = "<group>"; };
		4FF675D62799E60800B7F385 /* ShowScannerView.swift */ = {isa = PBXFileReference; lastKnownFileType = sourcecode.swift; path = ShowScannerView.swift; sourceTree = "<group>"; };
		4FF675DB279A1E9400B7F385 /* FirstListView.swift */ = {isa = PBXFileReference; lastKnownFileType = sourcecode.swift; path = FirstListView.swift; sourceTree = "<group>"; };
		4FF7F9242893162800468609 /* TricountAddSheet.swift */ = {isa = PBXFileReference; lastKnownFileType = sourcecode.swift; path = TricountAddSheet.swift; sourceTree = "<group>"; };
		4FF7F9262893172100468609 /* Tricount.swift */ = {isa = PBXFileReference; lastKnownFileType = sourcecode.swift; path = Tricount.swift; sourceTree = "<group>"; };
/* End PBXFileReference section */

/* Begin PBXFrameworksBuildPhase section */
		4F309E1C2784B49900F55BC6 /* Frameworks */ = {
			isa = PBXFrameworksBuildPhase;
			buildActionMask = 2147483647;
			files = (
				4F91350A29EADE4900699C73 /* ConfettiSwiftUI in Frameworks */,
				4FE6F25528D4C02800C8D2AA /* SlideOverCard in Frameworks */,
			);
			runOnlyForDeploymentPostprocessing = 0;
		};
		4F309E2C2784B49A00F55BC6 /* Frameworks */ = {
			isa = PBXFrameworksBuildPhase;
			buildActionMask = 2147483647;
			files = (
			);
			runOnlyForDeploymentPostprocessing = 0;
		};
		4F309E362784B49A00F55BC6 /* Frameworks */ = {
			isa = PBXFrameworksBuildPhase;
			buildActionMask = 2147483647;
			files = (
			);
			runOnlyForDeploymentPostprocessing = 0;
		};
		4FDE9B2728BCF556008A622E /* Frameworks */ = {
			isa = PBXFrameworksBuildPhase;
			buildActionMask = 2147483647;
			files = (
			);
			runOnlyForDeploymentPostprocessing = 0;
		};
/* End PBXFrameworksBuildPhase section */

/* Begin PBXGroup section */
		4F309E162784B49900F55BC6 = {
			isa = PBXGroup;
			children = (
				4F309E212784B49900F55BC6 /* Split */,
				4FDE9B2B28BCF556008A622E /* TricountTests */,
				4F309E202784B49900F55BC6 /* Products */,
			);
			sourceTree = "<group>";
		};
		4F309E202784B49900F55BC6 /* Products */ = {
			isa = PBXGroup;
			children = (
				4F309E1F2784B49900F55BC6 /* Split!.app */,
				4F309E2F2784B49A00F55BC6 /* SplitTests.xctest */,
				4F309E392784B49A00F55BC6 /* SplitUITests.xctest */,
				4FDE9B2A28BCF556008A622E /* TricountTests.xctest */,
			);
			name = Products;
			sourceTree = "<group>";
		};
		4F309E212784B49900F55BC6 /* Split */ = {
			isa = PBXGroup;
			children = (
				4F5CB9B22897C693004AA946 /* Info.plist */,
				4F309E222784B49900F55BC6 /* SplitApp.swift */,
				4F309E262784B49A00F55BC6 /* Assets.xcassets */,
				4F309E5E2784F7D900F55BC6 /* Model */,
				4F309E5F2784F7E300F55BC6 /* View */,
				4F309E282784B49A00F55BC6 /* Preview Content */,
				4F4944262899D41100FBC482 /* Extensions.swift */,
			);
			path = Split;
			sourceTree = "<group>";
		};
		4F309E282784B49A00F55BC6 /* Preview Content */ = {
			isa = PBXGroup;
			children = (
				4F309E292784B49A00F55BC6 /* Preview Assets.xcassets */,
			);
			path = "Preview Content";
			sourceTree = "<group>";
		};
		4F309E5E2784F7D900F55BC6 /* Model */ = {
			isa = PBXGroup;
			children = (
				4F309E662785AB5400F55BC6 /* ModelData.swift */,
				4F309E552784F68200F55BC6 /* Text.swift */,
				4FB7813B2794821D00F5E2D8 /* Currency.swift */,
				4F309E602784F89900F55BC6 /* Users.swift */,
				4F898D0B279CC1F40067336F /* VisionParameters.swift */,
				4FF7F9262893172100468609 /* Tricount.swift */,
				4FA4ECB827C7CCAF00B0F012 /* Stores */,
			);
			path = Model;
			sourceTree = "<group>";
		};
		4F309E5F2784F7E300F55BC6 /* View */ = {
			isa = PBXGroup;
			children = (
				4F309E4F2784B55900F55BC6 /* ContentView.swift */,
				4FAACF5E29E85C4C00678CBA /* UpdateSheet.swift */,
				4F7CA06128BF8B0700050B47 /* ShowroomPreviews.swift */,
				4F309E632784F9CD00F55BC6 /* Main */,
				4FF675D8279A1E4E00B7F385 /* Sheets */,
				4F309E682785EB4400F55BC6 /* Repartition */,
				4F4902AF27CADA330047A441 /* History */,
				4F309E622784F9BA00F55BC6 /* Scanner */,
				4FB4226F28193E1D00DB83CC /* Tricount */,
				4FD7C2D727E86ECE009C4D9D /* Start */,
				4F7C128A279B52D900A5E50B /* Tutorials */,
				4F309E712786D90B00F55BC6 /* Others */,
				4F91350029EA9FB000699C73 /* Store */,
			);
			path = View;
			sourceTree = "<group>";
		};
		4F309E622784F9BA00F55BC6 /* Scanner */ = {
			isa = PBXGroup;
			children = (
				4F3161FE29C7778D00E3C323 /* Library */,
				4FF675D62799E60800B7F385 /* ShowScannerView.swift */,
				4F309E562784F68200F55BC6 /* ScannerView.swift */,
				4F309E582784F68200F55BC6 /* TextRecognition.swift */,
				4F42BA0F27D4EF2800535706 /* TextRecognitionAdvanced.swift */,
				4F3161FA29C7214000E3C323 /* TextRecognitionFunctions.swift */,
				4F7C128D279C047E00A5E50B /* Visualization.swift */,
			);
			path = Scanner;
			sourceTree = "<group>";
		};
		4F309E632784F9CD00F55BC6 /* Main */ = {
			isa = PBXGroup;
			children = (
				4F309E642784F9E700F55BC6 /* StartView.swift */,
				4FF675DB279A1E9400B7F385 /* FirstListView.swift */,
				4F309E542784F68200F55BC6 /* AttributionView.swift */,
				4F43BDFE2789B0AD005CDD6D /* ResultView.swift */,
				4F4902A727CA99AF0047A441 /* HistoryView.swift */,
			);
			path = Main;
			sourceTree = "<group>";
		};
		4F309E682785EB4400F55BC6 /* Repartition */ = {
			isa = PBXGroup;
			children = (
				4F309E692785EB7600F55BC6 /* CurrentExpensesRow.swift */,
				4F309E6B2785F80600F55BC6 /* AttributionCard.swift */,
				4F309E722786DA4700F55BC6 /* SelectableItems.swift */,
				4FF04F4F278B0DF700650EBC /* LastItemView.swift */,
				4F8EBD8827AAF75300CBD6AD /* StatView.swift */,
			);
			path = Repartition;
			sourceTree = "<group>";
		};
		4F309E712786D90B00F55BC6 /* Others */ = {
			isa = PBXGroup;
			children = (
				4F42BA1727D51B6200535706 /* LoadItems */,
				4FA5B91228BD20FB000B9AFF /* RestrictedBrowserView.swift */,
				4F94B8FE27A7326400F7B10F /* MiniRepartitionRow.swift */,
				4F94B90027A7476F00F7B10F /* StatisticRectangle.swift */,
				4FDC144327DBA81600FE7C2E /* AutomatedRecognitionLabel.swift */,
				4F4944242899B7A500FBC482 /* InfoBlock.swift */,
				4F0DF06129CEFC110034D4CF /* AddPercentButton.swift */,
				4FAACF4F29E8006F00678CBA /* StartCustomButtons.swift */,
			);
			path = Others;
			sourceTree = "<group>";
		};
		4F3161FE29C7778D00E3C323 /* Library */ = {
			isa = PBXGroup;
			children = (
				4F3161F629C715F100E3C323 /* ShowLibraryView.swift */,
				4F3161FC29C758E400E3C323 /* ImagePicker.swift */,
			);
			path = Library;
			sourceTree = "<group>";
		};
		4F42BA1727D51B6200535706 /* LoadItems */ = {
			isa = PBXGroup;
			children = (
				4F43BDFC2789A9CD005CDD6D /* LoadItemsView.swift */,
				4F42BA1327D51B4C00535706 /* NoMatchFound.swift */,
				4F42BA1527D51B5A00535706 /* NoItemFound.swift */,
			);
			path = LoadItems;
			sourceTree = "<group>";
		};
		4F4902AF27CADA330047A441 /* History */ = {
			isa = PBXGroup;
			children = (
				4F4902B027CADA6E0047A441 /* ResultCard.swift */,
				4F4902AD27CAC9D10047A441 /* ResultViewHistoryWrapper.swift */,
				4F4902B227CB8E100047A441 /* NoHistoryView.swift */,
				4F38B06C27CF949E004CD810 /* HistoryStatView.swift */,
			);
			path = History;
			sourceTree = "<group>";
		};
		4F7C128A279B52D900A5E50B /* Tutorials */ = {
			isa = PBXGroup;
			children = (
				4F2BCDB22798D2B200E6501E /* ScanTutorialView.swift */,
				4F7C128B279B530A00A5E50B /* ListTutorialView.swift */,
				4F83AA7D285BD6C800F45FC6 /* AttributionTutorialView.swift */,
				4F3161FF29C777D100E3C323 /* LibraryTutorialView.swift */,
			);
			path = Tutorials;
			sourceTree = "<group>";
		};
		4F91350029EA9FB000699C73 /* Store */ = {
			isa = PBXGroup;
			children = (
				4F91350429EAA12F00699C73 /* TipsView.swift */,
				4F91350629EAA71300699C73 /* PurchaseManager.swift */,
				4F91350B29EADE5C00699C73 /* DonationSheet.swift */,
				4FD5202C29EF18620058DAC6 /* Tips.storekit */,
			);
			path = Store;
			sourceTree = "<group>";
		};
		4FA4ECB827C7CCAF00B0F012 /* Stores */ = {
			isa = PBXGroup;
			children = (
				4F80BED627C7B7A400CA73B3 /* ParametersStore.swift */,
				4F4902AB27CAC12F0047A441 /* ResultsStore.swift */,
				4F4A55B227A1B906001F84E3 /* PreferencesStore.swift */,
			);
			path = Stores;
			sourceTree = "<group>";
		};
		4FB4226F28193E1D00DB83CC /* Tricount */ = {
			isa = PBXGroup;
			children = (
				4F1752FB2819EF2B0032D3FE /* TricountExportSheet.swift */,
				4FE6F25128D4AB7700C8D2AA /* TricountDisclaimerSheet.swift */,
				4FF7F9242893162800468609 /* TricountAddSheet.swift */,
			);
			path = Tricount;
			sourceTree = "<group>";
		};
		4FD7C2D727E86ECE009C4D9D /* Start */ = {
			isa = PBXGroup;
			children = (
				4FD7C2DC27E872BE009C4D9D /* FormDetailsView.swift */,
				4FD7C2D827E86EE6009C4D9D /* FillFavoriteButton.swift */,
				4FD7C2DA27E86EF2009C4D9D /* EditFavoriteButton.swift */,
			);
			path = Start;
			sourceTree = "<group>";
		};
		4FDE9B2B28BCF556008A622E /* TricountTests */ = {
			isa = PBXGroup;
			children = (
				4FDE9B2C28BCF556008A622E /* TricountTests.swift */,
			);
			path = TricountTests;
			sourceTree = "<group>";
		};
		4FF675D8279A1E4E00B7F385 /* Sheets */ = {
			isa = PBXGroup;
			children = (
				4F80BED427C794C900CA73B3 /* SettingsView.swift */,
				4FF60AFA27DA961A00AD58DB /* AdvancedParametersView.swift */,
				4F0DF06329CF40760034D4CF /* TipTaxParametersView.swift */,
				4F63DF0627A421B000E2CA3A /* InputItemDetails.swift */,
				4FDA115029CA3E8900F16788 /* InputPercentDetails.swift */,
				4F37A89927883C2A00947426 /* ListSheetView.swift */,
				4F90A7AB27A713F9003A1D97 /* UserChoicesView.swift */,
				4F83AA7F285CD57C00F45FC6 /* DivideItemView.swift */,
			);
			path = Sheets;
			sourceTree = "<group>";
		};
/* End PBXGroup section */

/* Begin PBXNativeTarget section */
		4F309E1E2784B49900F55BC6 /* Split */ = {
			isa = PBXNativeTarget;
			buildConfigurationList = 4F309E432784B49A00F55BC6 /* Build configuration list for PBXNativeTarget "Split" */;
			buildPhases = (
				4F309E1B2784B49900F55BC6 /* Sources */,
				4F309E1C2784B49900F55BC6 /* Frameworks */,
				4F309E1D2784B49900F55BC6 /* Resources */,
			);
			buildRules = (
			);
			dependencies = (
			);
			name = Split;
			packageProductDependencies = (
				4FE6F25428D4C02800C8D2AA /* SlideOverCard */,
				4F91350929EADE4900699C73 /* ConfettiSwiftUI */,
			);
			productName = ReceiptSplitter;
			productReference = 4F309E1F2784B49900F55BC6 /* Split!.app */;
			productType = "com.apple.product-type.application";
		};
		4F309E2E2784B49A00F55BC6 /* SplitTests */ = {
			isa = PBXNativeTarget;
			buildConfigurationList = 4F309E462784B49A00F55BC6 /* Build configuration list for PBXNativeTarget "SplitTests" */;
			buildPhases = (
				4F309E2B2784B49A00F55BC6 /* Sources */,
				4F309E2C2784B49A00F55BC6 /* Frameworks */,
				4F309E2D2784B49A00F55BC6 /* Resources */,
			);
			buildRules = (
			);
			dependencies = (
				4F309E312784B49A00F55BC6 /* PBXTargetDependency */,
			);
			name = SplitTests;
			productName = ReceiptSplitterTests;
			productReference = 4F309E2F2784B49A00F55BC6 /* SplitTests.xctest */;
			productType = "com.apple.product-type.bundle.unit-test";
		};
		4F309E382784B49A00F55BC6 /* SplitUITests */ = {
			isa = PBXNativeTarget;
			buildConfigurationList = 4F309E492784B49A00F55BC6 /* Build configuration list for PBXNativeTarget "SplitUITests" */;
			buildPhases = (
				4F309E352784B49A00F55BC6 /* Sources */,
				4F309E362784B49A00F55BC6 /* Frameworks */,
				4F309E372784B49A00F55BC6 /* Resources */,
			);
			buildRules = (
			);
			dependencies = (
				4F309E3B2784B49A00F55BC6 /* PBXTargetDependency */,
			);
			name = SplitUITests;
			productName = ReceiptSplitterUITests;
			productReference = 4F309E392784B49A00F55BC6 /* SplitUITests.xctest */;
			productType = "com.apple.product-type.bundle.ui-testing";
		};
		4FDE9B2928BCF556008A622E /* TricountTests */ = {
			isa = PBXNativeTarget;
			buildConfigurationList = 4FDE9B3028BCF556008A622E /* Build configuration list for PBXNativeTarget "TricountTests" */;
			buildPhases = (
				4FDE9B2628BCF556008A622E /* Sources */,
				4FDE9B2728BCF556008A622E /* Frameworks */,
				4FDE9B2828BCF556008A622E /* Resources */,
			);
			buildRules = (
			);
			dependencies = (
				4FDE9B2F28BCF556008A622E /* PBXTargetDependency */,
			);
			name = TricountTests;
			productName = TricountTests;
			productReference = 4FDE9B2A28BCF556008A622E /* TricountTests.xctest */;
			productType = "com.apple.product-type.bundle.unit-test";
		};
/* End PBXNativeTarget section */

/* Begin PBXProject section */
		4F309E172784B49900F55BC6 /* Project object */ = {
			isa = PBXProject;
			attributes = {
				BuildIndependentTargetsInParallel = 1;
				LastSwiftUpdateCheck = 1340;
				LastUpgradeCheck = 1320;
				TargetAttributes = {
					4F309E1E2784B49900F55BC6 = {
						CreatedOnToolsVersion = 13.2.1;
					};
					4F309E2E2784B49A00F55BC6 = {
						CreatedOnToolsVersion = 13.2.1;
						TestTargetID = 4F309E1E2784B49900F55BC6;
					};
					4F309E382784B49A00F55BC6 = {
						CreatedOnToolsVersion = 13.2.1;
						TestTargetID = 4F309E1E2784B49900F55BC6;
					};
					4FDE9B2928BCF556008A622E = {
						CreatedOnToolsVersion = 13.4.1;
						TestTargetID = 4F309E1E2784B49900F55BC6;
					};
				};
			};
			buildConfigurationList = 4F309E1A2784B49900F55BC6 /* Build configuration list for PBXProject "Split!" */;
			compatibilityVersion = "Xcode 13.0";
			developmentRegion = en;
			hasScannedForEncodings = 0;
			knownRegions = (
				en,
				Base,
			);
			mainGroup = 4F309E162784B49900F55BC6;
			packageReferences = (
				4FE6F25328D4C02800C8D2AA /* XCRemoteSwiftPackageReference "SlideOverCard" */,
				4F91350829EADE4900699C73 /* XCRemoteSwiftPackageReference "ConfettiSwiftUI" */,
			);
			productRefGroup = 4F309E202784B49900F55BC6 /* Products */;
			projectDirPath = "";
			projectRoot = "";
			targets = (
				4F309E1E2784B49900F55BC6 /* Split */,
				4F309E2E2784B49A00F55BC6 /* SplitTests */,
				4F309E382784B49A00F55BC6 /* SplitUITests */,
				4FDE9B2928BCF556008A622E /* TricountTests */,
			);
		};
/* End PBXProject section */

/* Begin PBXResourcesBuildPhase section */
		4F309E1D2784B49900F55BC6 /* Resources */ = {
			isa = PBXResourcesBuildPhase;
			buildActionMask = 2147483647;
			files = (
				4F309E2A2784B49A00F55BC6 /* Preview Assets.xcassets in Resources */,
				4F309E272784B49A00F55BC6 /* Assets.xcassets in Resources */,
			);
			runOnlyForDeploymentPostprocessing = 0;
		};
		4F309E2D2784B49A00F55BC6 /* Resources */ = {
			isa = PBXResourcesBuildPhase;
			buildActionMask = 2147483647;
			files = (
			);
			runOnlyForDeploymentPostprocessing = 0;
		};
		4F309E372784B49A00F55BC6 /* Resources */ = {
			isa = PBXResourcesBuildPhase;
			buildActionMask = 2147483647;
			files = (
			);
			runOnlyForDeploymentPostprocessing = 0;
		};
		4FDE9B2828BCF556008A622E /* Resources */ = {
			isa = PBXResourcesBuildPhase;
			buildActionMask = 2147483647;
			files = (
			);
			runOnlyForDeploymentPostprocessing = 0;
		};
/* End PBXResourcesBuildPhase section */

/* Begin PBXSourcesBuildPhase section */
		4F309E1B2784B49900F55BC6 /* Sources */ = {
			isa = PBXSourcesBuildPhase;
			buildActionMask = 2147483647;
			files = (
				4FD7C2DB27E86EF2009C4D9D /* EditFavoriteButton.swift in Sources */,
				4F4944272899D41100FBC482 /* Extensions.swift in Sources */,
				4F42BA1027D4EF2800535706 /* TextRecognitionAdvanced.swift in Sources */,
				4F4902B127CADA6E0047A441 /* ResultCard.swift in Sources */,
				4F4902AC27CAC12F0047A441 /* ResultsStore.swift in Sources */,
				4F91350529EAA12F00699C73 /* TipsView.swift in Sources */,
				4F3161FB29C7214000E3C323 /* TextRecognitionFunctions.swift in Sources */,
				4F37A89A27883C2B00947426 /* ListSheetView.swift in Sources */,
				4F91350C29EADE5C00699C73 /* DonationSheet.swift in Sources */,
				4F309E6C2785F80600F55BC6 /* AttributionCard.swift in Sources */,
				4FAACF5F29E85C4C00678CBA /* UpdateSheet.swift in Sources */,
				4FDC144427DBA81600FE7C2E /* AutomatedRecognitionLabel.swift in Sources */,
				4F309E6A2785EB7600F55BC6 /* CurrentExpensesRow.swift in Sources */,
				4F90A7AC27A713F9003A1D97 /* UserChoicesView.swift in Sources */,
				4FA5B91328BD20FB000B9AFF /* RestrictedBrowserView.swift in Sources */,
				4F898D0C279CC1F40067336F /* VisionParameters.swift in Sources */,
				4F309E652784F9E700F55BC6 /* StartView.swift in Sources */,
				4F309E732786DA4700F55BC6 /* SelectableItems.swift in Sources */,
				4F42BA1627D51B5A00535706 /* NoItemFound.swift in Sources */,
				4F38B06D27CF949E004CD810 /* HistoryStatView.swift in Sources */,
				4F3161FD29C758E400E3C323 /* ImagePicker.swift in Sources */,
				4F4902A827CA99AF0047A441 /* HistoryView.swift in Sources */,
				4F94B8FF27A7326400F7B10F /* MiniRepartitionRow.swift in Sources */,
				4FE6F25228D4AB7700C8D2AA /* TricountDisclaimerSheet.swift in Sources */,
				4F31620029C777D100E3C323 /* LibraryTutorialView.swift in Sources */,
				4F309E592784F68200F55BC6 /* AttributionView.swift in Sources */,
				4F8EBD8927AAF75300CBD6AD /* StatView.swift in Sources */,
				4F7CA06228BF8B0700050B47 /* ShowroomPreviews.swift in Sources */,
				4F42BA1427D51B4C00535706 /* NoMatchFound.swift in Sources */,
				4F91350729EAA71300699C73 /* PurchaseManager.swift in Sources */,
				4FD7C2D927E86EE6009C4D9D /* FillFavoriteButton.swift in Sources */,
				4F94B90127A7476F00F7B10F /* StatisticRectangle.swift in Sources */,
				4FB7813C2794821D00F5E2D8 /* Currency.swift in Sources */,
				4FF675DC279A1E9400B7F385 /* FirstListView.swift in Sources */,
				4F0DF06229CEFC110034D4CF /* AddPercentButton.swift in Sources */,
				4F0DF06429CF40760034D4CF /* TipTaxParametersView.swift in Sources */,
				4F1752FC2819EF2B0032D3FE /* TricountExportSheet.swift in Sources */,
				4F4944252899B7A500FBC482 /* InfoBlock.swift in Sources */,
				4F7C128E279C047E00A5E50B /* Visualization.swift in Sources */,
				4F309E5D2784F68200F55BC6 /* TextRecognition.swift in Sources */,
				4F4A55B327A1B906001F84E3 /* PreferencesStore.swift in Sources */,
				4F83AA7E285BD6C800F45FC6 /* AttributionTutorialView.swift in Sources */,
				4F2BCDB32798D2B200E6501E /* ScanTutorialView.swift in Sources */,
				4F63DF0727A421B000E2CA3A /* InputItemDetails.swift in Sources */,
				4F80BED527C794C900CA73B3 /* SettingsView.swift in Sources */,
				4FF04F50278B0DF700650EBC /* LastItemView.swift in Sources */,
				4F7C128C279B530A00A5E50B /* ListTutorialView.swift in Sources */,
				4FD7C2DD27E872BE009C4D9D /* FormDetailsView.swift in Sources */,
				4FF7F9272893172100468609 /* Tricount.swift in Sources */,
				4FF675D72799E60800B7F385 /* ShowScannerView.swift in Sources */,
				4FF60AFB27DA961A00AD58DB /* AdvancedParametersView.swift in Sources */,
				4F309E532784B55900F55BC6 /* ContentView.swift in Sources */,
				4F309E232784B49900F55BC6 /* SplitApp.swift in Sources */,
				4FDA115129CA3E8900F16788 /* InputPercentDetails.swift in Sources */,
				4F309E5A2784F68200F55BC6 /* Text.swift in Sources */,
				4F43BDFD2789A9CD005CDD6D /* LoadItemsView.swift in Sources */,
				4F43BDFF2789B0AD005CDD6D /* ResultView.swift in Sources */,
				4F4902AE27CAC9D10047A441 /* ResultViewHistoryWrapper.swift in Sources */,
				4FF7F9252893162800468609 /* TricountAddSheet.swift in Sources */,
				4F3161F729C715F100E3C323 /* ShowLibraryView.swift in Sources */,
				4F309E672785AB5500F55BC6 /* ModelData.swift in Sources */,
				4F309E612784F89900F55BC6 /* Users.swift in Sources */,
				4F309E5B2784F68200F55BC6 /* ScannerView.swift in Sources */,
				4F4902B327CB8E100047A441 /* NoHistoryView.swift in Sources */,
				4F83AA80285CD57C00F45FC6 /* DivideItemView.swift in Sources */,
				4FAACF5029E8006F00678CBA /* StartCustomButtons.swift in Sources */,
				4F80BED727C7B7A400CA73B3 /* ParametersStore.swift in Sources */,
			);
			runOnlyForDeploymentPostprocessing = 0;
		};
		4F309E2B2784B49A00F55BC6 /* Sources */ = {
			isa = PBXSourcesBuildPhase;
			buildActionMask = 2147483647;
			files = (
			);
			runOnlyForDeploymentPostprocessing = 0;
		};
		4F309E352784B49A00F55BC6 /* Sources */ = {
			isa = PBXSourcesBuildPhase;
			buildActionMask = 2147483647;
			files = (
			);
			runOnlyForDeploymentPostprocessing = 0;
		};
		4FDE9B2628BCF556008A622E /* Sources */ = {
			isa = PBXSourcesBuildPhase;
			buildActionMask = 2147483647;
			files = (
				4FDE9B2D28BCF556008A622E /* TricountTests.swift in Sources */,
			);
			runOnlyForDeploymentPostprocessing = 0;
		};
/* End PBXSourcesBuildPhase section */

/* Begin PBXTargetDependency section */
		4F309E312784B49A00F55BC6 /* PBXTargetDependency */ = {
			isa = PBXTargetDependency;
			target = 4F309E1E2784B49900F55BC6 /* Split */;
			targetProxy = 4F309E302784B49A00F55BC6 /* PBXContainerItemProxy */;
		};
		4F309E3B2784B49A00F55BC6 /* PBXTargetDependency */ = {
			isa = PBXTargetDependency;
			target = 4F309E1E2784B49900F55BC6 /* Split */;
			targetProxy = 4F309E3A2784B49A00F55BC6 /* PBXContainerItemProxy */;
		};
		4FDE9B2F28BCF556008A622E /* PBXTargetDependency */ = {
			isa = PBXTargetDependency;
			target = 4F309E1E2784B49900F55BC6 /* Split */;
			targetProxy = 4FDE9B2E28BCF556008A622E /* PBXContainerItemProxy */;
		};
/* End PBXTargetDependency section */

/* Begin XCBuildConfiguration section */
		4F309E412784B49A00F55BC6 /* Debug */ = {
			isa = XCBuildConfiguration;
			buildSettings = {
				ALWAYS_SEARCH_USER_PATHS = NO;
				CLANG_ANALYZER_NONNULL = YES;
				CLANG_ANALYZER_NUMBER_OBJECT_CONVERSION = YES_AGGRESSIVE;
				CLANG_CXX_LANGUAGE_STANDARD = "gnu++17";
				CLANG_CXX_LIBRARY = "libc++";
				CLANG_ENABLE_MODULES = YES;
				CLANG_ENABLE_OBJC_ARC = YES;
				CLANG_ENABLE_OBJC_WEAK = YES;
				CLANG_WARN_BLOCK_CAPTURE_AUTORELEASING = YES;
				CLANG_WARN_BOOL_CONVERSION = YES;
				CLANG_WARN_COMMA = YES;
				CLANG_WARN_CONSTANT_CONVERSION = YES;
				CLANG_WARN_DEPRECATED_OBJC_IMPLEMENTATIONS = YES;
				CLANG_WARN_DIRECT_OBJC_ISA_USAGE = YES_ERROR;
				CLANG_WARN_DOCUMENTATION_COMMENTS = YES;
				CLANG_WARN_EMPTY_BODY = YES;
				CLANG_WARN_ENUM_CONVERSION = YES;
				CLANG_WARN_INFINITE_RECURSION = YES;
				CLANG_WARN_INT_CONVERSION = YES;
				CLANG_WARN_NON_LITERAL_NULL_CONVERSION = YES;
				CLANG_WARN_OBJC_IMPLICIT_RETAIN_SELF = YES;
				CLANG_WARN_OBJC_LITERAL_CONVERSION = YES;
				CLANG_WARN_OBJC_ROOT_CLASS = YES_ERROR;
				CLANG_WARN_QUOTED_INCLUDE_IN_FRAMEWORK_HEADER = YES;
				CLANG_WARN_RANGE_LOOP_ANALYSIS = YES;
				CLANG_WARN_STRICT_PROTOTYPES = YES;
				CLANG_WARN_SUSPICIOUS_MOVE = YES;
				CLANG_WARN_UNGUARDED_AVAILABILITY = YES_AGGRESSIVE;
				CLANG_WARN_UNREACHABLE_CODE = YES;
				CLANG_WARN__DUPLICATE_METHOD_MATCH = YES;
				COPY_PHASE_STRIP = NO;
				DEBUG_INFORMATION_FORMAT = dwarf;
				ENABLE_STRICT_OBJC_MSGSEND = YES;
				ENABLE_TESTABILITY = YES;
				GCC_C_LANGUAGE_STANDARD = gnu11;
				GCC_DYNAMIC_NO_PIC = NO;
				GCC_NO_COMMON_BLOCKS = YES;
				GCC_OPTIMIZATION_LEVEL = 0;
				GCC_PREPROCESSOR_DEFINITIONS = (
					"DEBUG=1",
					"$(inherited)",
				);
				GCC_WARN_64_TO_32_BIT_CONVERSION = YES;
				GCC_WARN_ABOUT_RETURN_TYPE = YES_ERROR;
				GCC_WARN_UNDECLARED_SELECTOR = YES;
				GCC_WARN_UNINITIALIZED_AUTOS = YES_AGGRESSIVE;
				GCC_WARN_UNUSED_FUNCTION = YES;
				GCC_WARN_UNUSED_VARIABLE = YES;
				IPHONEOS_DEPLOYMENT_TARGET = 15.0;
				MTL_ENABLE_DEBUG_INFO = INCLUDE_SOURCE;
				MTL_FAST_MATH = YES;
				ONLY_ACTIVE_ARCH = YES;
				SDKROOT = iphoneos;
				SWIFT_ACTIVE_COMPILATION_CONDITIONS = DEBUG;
				SWIFT_OPTIMIZATION_LEVEL = "-Onone";
			};
			name = Debug;
		};
		4F309E422784B49A00F55BC6 /* Release */ = {
			isa = XCBuildConfiguration;
			buildSettings = {
				ALWAYS_SEARCH_USER_PATHS = NO;
				CLANG_ANALYZER_NONNULL = YES;
				CLANG_ANALYZER_NUMBER_OBJECT_CONVERSION = YES_AGGRESSIVE;
				CLANG_CXX_LANGUAGE_STANDARD = "gnu++17";
				CLANG_CXX_LIBRARY = "libc++";
				CLANG_ENABLE_MODULES = YES;
				CLANG_ENABLE_OBJC_ARC = YES;
				CLANG_ENABLE_OBJC_WEAK = YES;
				CLANG_WARN_BLOCK_CAPTURE_AUTORELEASING = YES;
				CLANG_WARN_BOOL_CONVERSION = YES;
				CLANG_WARN_COMMA = YES;
				CLANG_WARN_CONSTANT_CONVERSION = YES;
				CLANG_WARN_DEPRECATED_OBJC_IMPLEMENTATIONS = YES;
				CLANG_WARN_DIRECT_OBJC_ISA_USAGE = YES_ERROR;
				CLANG_WARN_DOCUMENTATION_COMMENTS = YES;
				CLANG_WARN_EMPTY_BODY = YES;
				CLANG_WARN_ENUM_CONVERSION = YES;
				CLANG_WARN_INFINITE_RECURSION = YES;
				CLANG_WARN_INT_CONVERSION = YES;
				CLANG_WARN_NON_LITERAL_NULL_CONVERSION = YES;
				CLANG_WARN_OBJC_IMPLICIT_RETAIN_SELF = YES;
				CLANG_WARN_OBJC_LITERAL_CONVERSION = YES;
				CLANG_WARN_OBJC_ROOT_CLASS = YES_ERROR;
				CLANG_WARN_QUOTED_INCLUDE_IN_FRAMEWORK_HEADER = YES;
				CLANG_WARN_RANGE_LOOP_ANALYSIS = YES;
				CLANG_WARN_STRICT_PROTOTYPES = YES;
				CLANG_WARN_SUSPICIOUS_MOVE = YES;
				CLANG_WARN_UNGUARDED_AVAILABILITY = YES_AGGRESSIVE;
				CLANG_WARN_UNREACHABLE_CODE = YES;
				CLANG_WARN__DUPLICATE_METHOD_MATCH = YES;
				COPY_PHASE_STRIP = NO;
				DEBUG_INFORMATION_FORMAT = "dwarf-with-dsym";
				ENABLE_NS_ASSERTIONS = NO;
				ENABLE_STRICT_OBJC_MSGSEND = YES;
				GCC_C_LANGUAGE_STANDARD = gnu11;
				GCC_NO_COMMON_BLOCKS = YES;
				GCC_WARN_64_TO_32_BIT_CONVERSION = YES;
				GCC_WARN_ABOUT_RETURN_TYPE = YES_ERROR;
				GCC_WARN_UNDECLARED_SELECTOR = YES;
				GCC_WARN_UNINITIALIZED_AUTOS = YES_AGGRESSIVE;
				GCC_WARN_UNUSED_FUNCTION = YES;
				GCC_WARN_UNUSED_VARIABLE = YES;
				IPHONEOS_DEPLOYMENT_TARGET = 15.0;
				MTL_ENABLE_DEBUG_INFO = NO;
				MTL_FAST_MATH = YES;
				SDKROOT = iphoneos;
				SWIFT_COMPILATION_MODE = wholemodule;
				SWIFT_OPTIMIZATION_LEVEL = "-O";
				VALIDATE_PRODUCT = YES;
			};
			name = Release;
		};
		4F309E442784B49A00F55BC6 /* Debug */ = {
			isa = XCBuildConfiguration;
			buildSettings = {
				ASSETCATALOG_COMPILER_APPICON_NAME = AppIcon;
				ASSETCATALOG_COMPILER_GLOBAL_ACCENT_COLOR_NAME = AccentColor;
				CODE_SIGN_ENTITLEMENTS = Split/Split.entitlements;
				CODE_SIGN_STYLE = Automatic;
				CURRENT_PROJECT_VERSION = 1;
				DEVELOPMENT_ASSET_PATHS = "\"Split/Preview Content\"";
				DEVELOPMENT_TEAM = 3Z2Q6NDKC5;
				ENABLE_PREVIEWS = YES;
				GENERATE_INFOPLIST_FILE = YES;
				INFOPLIST_FILE = Split/Info.plist;
				INFOPLIST_KEY_LSSupportsOpeningDocumentsInPlace = YES;
				INFOPLIST_KEY_NSCameraUsageDescription = "The app needs to access the camera in order to scan documents.";
				INFOPLIST_KEY_UIApplicationSceneManifest_Generation = YES;
				INFOPLIST_KEY_UIApplicationSupportsIndirectInputEvents = YES;
				INFOPLIST_KEY_UILaunchScreen_Generation = YES;
				INFOPLIST_KEY_UISupportedInterfaceOrientations_iPad = "UIInterfaceOrientationPortrait UIInterfaceOrientationPortraitUpsideDown UIInterfaceOrientationLandscapeLeft UIInterfaceOrientationLandscapeRight";
				INFOPLIST_KEY_UISupportedInterfaceOrientations_iPhone = UIInterfaceOrientationPortrait;
				IPHONEOS_DEPLOYMENT_TARGET = 15.0;
				LD_RUNPATH_SEARCH_PATHS = (
					"$(inherited)",
					"@executable_path/Frameworks",
				);
				MARKETING_VERSION = 1.4.0;
				PRODUCT_BUNDLE_IDENTIFIER = "fr.telecom-paris.queinnec.hugo.Split";
				PRODUCT_NAME = "Split!";
				SUPPORTED_PLATFORMS = "iphoneos iphonesimulator";
				SUPPORTS_MACCATALYST = NO;
				SUPPORTS_MAC_DESIGNED_FOR_IPHONE_IPAD = NO;
				SWIFT_EMIT_LOC_STRINGS = YES;
				SWIFT_VERSION = 5.0;
				TARGETED_DEVICE_FAMILY = "1,2";
			};
			name = Debug;
		};
		4F309E452784B49A00F55BC6 /* Release */ = {
			isa = XCBuildConfiguration;
			buildSettings = {
				ASSETCATALOG_COMPILER_APPICON_NAME = AppIcon;
				ASSETCATALOG_COMPILER_GLOBAL_ACCENT_COLOR_NAME = AccentColor;
				CODE_SIGN_ENTITLEMENTS = Split/Split.entitlements;
				CODE_SIGN_STYLE = Automatic;
				CURRENT_PROJECT_VERSION = 1;
				DEVELOPMENT_ASSET_PATHS = "\"Split/Preview Content\"";
				DEVELOPMENT_TEAM = 3Z2Q6NDKC5;
				ENABLE_PREVIEWS = YES;
				GENERATE_INFOPLIST_FILE = YES;
				INFOPLIST_FILE = Split/Info.plist;
				INFOPLIST_KEY_LSSupportsOpeningDocumentsInPlace = YES;
				INFOPLIST_KEY_NSCameraUsageDescription = "The app needs to access the camera in order to scan documents.";
				INFOPLIST_KEY_UIApplicationSceneManifest_Generation = YES;
				INFOPLIST_KEY_UIApplicationSupportsIndirectInputEvents = YES;
				INFOPLIST_KEY_UILaunchScreen_Generation = YES;
				INFOPLIST_KEY_UISupportedInterfaceOrientations_iPad = "UIInterfaceOrientationPortrait UIInterfaceOrientationPortraitUpsideDown UIInterfaceOrientationLandscapeLeft UIInterfaceOrientationLandscapeRight";
				INFOPLIST_KEY_UISupportedInterfaceOrientations_iPhone = UIInterfaceOrientationPortrait;
				IPHONEOS_DEPLOYMENT_TARGET = 15.0;
				LD_RUNPATH_SEARCH_PATHS = (
					"$(inherited)",
					"@executable_path/Frameworks",
				);
				MARKETING_VERSION = 1.4.0;
				PRODUCT_BUNDLE_IDENTIFIER = "fr.telecom-paris.queinnec.hugo.Split";
				PRODUCT_NAME = "Split!";
				SUPPORTED_PLATFORMS = "iphoneos iphonesimulator";
				SUPPORTS_MACCATALYST = NO;
				SUPPORTS_MAC_DESIGNED_FOR_IPHONE_IPAD = NO;
				SWIFT_EMIT_LOC_STRINGS = YES;
				SWIFT_VERSION = 5.0;
				TARGETED_DEVICE_FAMILY = "1,2";
			};
			name = Release;
		};
		4F309E472784B49A00F55BC6 /* Debug */ = {
			isa = XCBuildConfiguration;
			buildSettings = {
				ALWAYS_EMBED_SWIFT_STANDARD_LIBRARIES = YES;
				BUNDLE_LOADER = "$(TEST_HOST)";
				"CODE_SIGN_IDENTITY[sdk=macosx*]" = "Apple Development";
				CODE_SIGN_STYLE = Automatic;
				CURRENT_PROJECT_VERSION = 1;
				DEVELOPMENT_TEAM = 3Z2Q6NDKC5;
				GENERATE_INFOPLIST_FILE = YES;
				IPHONEOS_DEPLOYMENT_TARGET = 15.2;
				MARKETING_VERSION = 1.0;
				PRODUCT_BUNDLE_IDENTIFIER = "fr.telecom-paris.queinnec.hugo.ReceiptSplitterTests";
				PRODUCT_NAME = "$(TARGET_NAME)";
				SWIFT_EMIT_LOC_STRINGS = NO;
				SWIFT_VERSION = 5.0;
				TARGETED_DEVICE_FAMILY = "1,2";
				TEST_HOST = "$(BUILT_PRODUCTS_DIR)/Split.app/Split";
			};
			name = Debug;
		};
		4F309E482784B49A00F55BC6 /* Release */ = {
			isa = XCBuildConfiguration;
			buildSettings = {
				ALWAYS_EMBED_SWIFT_STANDARD_LIBRARIES = YES;
				BUNDLE_LOADER = "$(TEST_HOST)";
				"CODE_SIGN_IDENTITY[sdk=macosx*]" = "Apple Development";
				CODE_SIGN_STYLE = Automatic;
				CURRENT_PROJECT_VERSION = 1;
				DEVELOPMENT_TEAM = 3Z2Q6NDKC5;
				GENERATE_INFOPLIST_FILE = YES;
				IPHONEOS_DEPLOYMENT_TARGET = 15.2;
				MARKETING_VERSION = 1.0;
				PRODUCT_BUNDLE_IDENTIFIER = "fr.telecom-paris.queinnec.hugo.ReceiptSplitterTests";
				PRODUCT_NAME = "$(TARGET_NAME)";
				SWIFT_EMIT_LOC_STRINGS = NO;
				SWIFT_VERSION = 5.0;
				TARGETED_DEVICE_FAMILY = "1,2";
				TEST_HOST = "$(BUILT_PRODUCTS_DIR)/Split.app/Split";
			};
			name = Release;
		};
		4F309E4A2784B49A00F55BC6 /* Debug */ = {
			isa = XCBuildConfiguration;
			buildSettings = {
				ALWAYS_EMBED_SWIFT_STANDARD_LIBRARIES = YES;
				CODE_SIGN_STYLE = Automatic;
				CURRENT_PROJECT_VERSION = 1;
				DEVELOPMENT_TEAM = 3Z2Q6NDKC5;
				GENERATE_INFOPLIST_FILE = YES;
				MARKETING_VERSION = 1.0;
				PRODUCT_BUNDLE_IDENTIFIER = "fr.telecom-paris.queinnec.hugo.ReceiptSplitterUITests";
				PRODUCT_NAME = "$(TARGET_NAME)";
				SWIFT_EMIT_LOC_STRINGS = NO;
				SWIFT_VERSION = 5.0;
				TARGETED_DEVICE_FAMILY = "1,2";
				TEST_TARGET_NAME = ReceiptSplitter;
			};
			name = Debug;
		};
		4F309E4B2784B49A00F55BC6 /* Release */ = {
			isa = XCBuildConfiguration;
			buildSettings = {
				ALWAYS_EMBED_SWIFT_STANDARD_LIBRARIES = YES;
				CODE_SIGN_STYLE = Automatic;
				CURRENT_PROJECT_VERSION = 1;
				DEVELOPMENT_TEAM = 3Z2Q6NDKC5;
				GENERATE_INFOPLIST_FILE = YES;
				MARKETING_VERSION = 1.0;
				PRODUCT_BUNDLE_IDENTIFIER = "fr.telecom-paris.queinnec.hugo.ReceiptSplitterUITests";
				PRODUCT_NAME = "$(TARGET_NAME)";
				SWIFT_EMIT_LOC_STRINGS = NO;
				SWIFT_VERSION = 5.0;
				TARGETED_DEVICE_FAMILY = "1,2";
				TEST_TARGET_NAME = ReceiptSplitter;
			};
			name = Release;
		};
		4FDE9B3128BCF556008A622E /* Debug */ = {
			isa = XCBuildConfiguration;
			buildSettings = {
				BUNDLE_LOADER = "$(TEST_HOST)";
				CODE_SIGN_STYLE = Automatic;
				CURRENT_PROJECT_VERSION = 1;
				DEVELOPMENT_TEAM = 3Z2Q6NDKC5;
				GENERATE_INFOPLIST_FILE = YES;
				IPHONEOS_DEPLOYMENT_TARGET = 15.5;
				MARKETING_VERSION = 1.0;
				PRODUCT_BUNDLE_IDENTIFIER = "fr.telecom-paris.queinnec.hugo.TricountTests";
				PRODUCT_NAME = "$(TARGET_NAME)";
				SWIFT_EMIT_LOC_STRINGS = NO;
				SWIFT_VERSION = 5.0;
				TARGETED_DEVICE_FAMILY = "1,2";
				TEST_HOST = "$(BUILT_PRODUCTS_DIR)/Split!.app/Split!";
			};
			name = Debug;
		};
		4FDE9B3228BCF556008A622E /* Release */ = {
			isa = XCBuildConfiguration;
			buildSettings = {
				BUNDLE_LOADER = "$(TEST_HOST)";
				CODE_SIGN_STYLE = Automatic;
				CURRENT_PROJECT_VERSION = 1;
				DEVELOPMENT_TEAM = 3Z2Q6NDKC5;
				GENERATE_INFOPLIST_FILE = YES;
				IPHONEOS_DEPLOYMENT_TARGET = 15.5;
				MARKETING_VERSION = 1.0;
				PRODUCT_BUNDLE_IDENTIFIER = "fr.telecom-paris.queinnec.hugo.TricountTests";
				PRODUCT_NAME = "$(TARGET_NAME)";
				SWIFT_EMIT_LOC_STRINGS = NO;
				SWIFT_VERSION = 5.0;
				TARGETED_DEVICE_FAMILY = "1,2";
				TEST_HOST = "$(BUILT_PRODUCTS_DIR)/Split!.app/Split!";
			};
			name = Release;
		};
/* End XCBuildConfiguration section */

/* Begin XCConfigurationList section */
		4F309E1A2784B49900F55BC6 /* Build configuration list for PBXProject "Split!" */ = {
			isa = XCConfigurationList;
			buildConfigurations = (
				4F309E412784B49A00F55BC6 /* Debug */,
				4F309E422784B49A00F55BC6 /* Release */,
			);
			defaultConfigurationIsVisible = 0;
			defaultConfigurationName = Release;
		};
		4F309E432784B49A00F55BC6 /* Build configuration list for PBXNativeTarget "Split" */ = {
			isa = XCConfigurationList;
			buildConfigurations = (
				4F309E442784B49A00F55BC6 /* Debug */,
				4F309E452784B49A00F55BC6 /* Release */,
			);
			defaultConfigurationIsVisible = 0;
			defaultConfigurationName = Release;
		};
		4F309E462784B49A00F55BC6 /* Build configuration list for PBXNativeTarget "SplitTests" */ = {
			isa = XCConfigurationList;
			buildConfigurations = (
				4F309E472784B49A00F55BC6 /* Debug */,
				4F309E482784B49A00F55BC6 /* Release */,
			);
			defaultConfigurationIsVisible = 0;
			defaultConfigurationName = Release;
		};
		4F309E492784B49A00F55BC6 /* Build configuration list for PBXNativeTarget "SplitUITests" */ = {
			isa = XCConfigurationList;
			buildConfigurations = (
				4F309E4A2784B49A00F55BC6 /* Debug */,
				4F309E4B2784B49A00F55BC6 /* Release */,
			);
			defaultConfigurationIsVisible = 0;
			defaultConfigurationName = Release;
		};
		4FDE9B3028BCF556008A622E /* Build configuration list for PBXNativeTarget "TricountTests" */ = {
			isa = XCConfigurationList;
			buildConfigurations = (
				4FDE9B3128BCF556008A622E /* Debug */,
				4FDE9B3228BCF556008A622E /* Release */,
			);
			defaultConfigurationIsVisible = 0;
			defaultConfigurationName = Release;
		};
/* End XCConfigurationList section */

/* Begin XCRemoteSwiftPackageReference section */
		4F91350829EADE4900699C73 /* XCRemoteSwiftPackageReference "ConfettiSwiftUI" */ = {
			isa = XCRemoteSwiftPackageReference;
			repositoryURL = "https://github.com/simibac/ConfettiSwiftUI.git";
			requirement = {
				kind = upToNextMajorVersion;
				minimumVersion = 1.0.0;
			};
		};
		4FE6F25328D4C02800C8D2AA /* XCRemoteSwiftPackageReference "SlideOverCard" */ = {
			isa = XCRemoteSwiftPackageReference;
			repositoryURL = "https://github.com/joogps/SlideOverCard.git";
			requirement = {
				kind = exactVersion;
				version = 2.0.0;
			};
		};
/* End XCRemoteSwiftPackageReference section */

/* Begin XCSwiftPackageProductDependency section */
		4F91350929EADE4900699C73 /* ConfettiSwiftUI */ = {
			isa = XCSwiftPackageProductDependency;
			package = 4F91350829EADE4900699C73 /* XCRemoteSwiftPackageReference "ConfettiSwiftUI" */;
			productName = ConfettiSwiftUI;
		};
		4FE6F25428D4C02800C8D2AA /* SlideOverCard */ = {
			isa = XCSwiftPackageProductDependency;
			package = 4FE6F25328D4C02800C8D2AA /* XCRemoteSwiftPackageReference "SlideOverCard" */;
			productName = SlideOverCard;
		};
/* End XCSwiftPackageProductDependency section */
	};
	rootObject = 4F309E172784B49900F55BC6 /* Project object */;
}
